// !$*UTF8*$!
{
	archiveVersion = 1;
	classes = {
	};
	objectVersion = 50;
	objects = {

/* Begin PBXBuildFile section */
		50BC554C2646D05F0013E53C /* AppDelegate.swift in Sources */ = {isa = PBXBuildFile; fileRef = 50BC554B2646D05F0013E53C /* AppDelegate.swift */; };
		50BC554E2646D05F0013E53C /* SceneDelegate.swift in Sources */ = {isa = PBXBuildFile; fileRef = 50BC554D2646D05F0013E53C /* SceneDelegate.swift */; };
		50BC55502646D05F0013E53C /* ViewController.swift in Sources */ = {isa = PBXBuildFile; fileRef = 50BC554F2646D05F0013E53C /* ViewController.swift */; };
		50BC55532646D05F0013E53C /* Main.storyboard in Resources */ = {isa = PBXBuildFile; fileRef = 50BC55512646D05F0013E53C /* Main.storyboard */; };
		50BC55552646D05F0013E53C /* Assets.xcassets in Resources */ = {isa = PBXBuildFile; fileRef = 50BC55542646D05F0013E53C /* Assets.xcassets */; };
		50BC55582646D05F0013E53C /* LaunchScreen.storyboard in Resources */ = {isa = PBXBuildFile; fileRef = 50BC55562646D05F0013E53C /* LaunchScreen.storyboard */; };
		50BC55612646D2120013E53C /* Page2ViewController.swift in Sources */ = {isa = PBXBuildFile; fileRef = 50BC55602646D2120013E53C /* Page2ViewController.swift */; };
		50BC55662646D61C0013E53C /* GITA Blue Globe.jpeg in Resources */ = {isa = PBXBuildFile; fileRef = 50BC55652646D61C0013E53C /* GITA Blue Globe.jpeg */; };
/* End PBXBuildFile section */

/* Begin PBXFileReference section */
		50BC55482646D05F0013E53C /* Final App.app */ = {isa = PBXFileReference; explicitFileType = wrapper.application; includeInIndex = 0; path = "Final App.app"; sourceTree = BUILT_PRODUCTS_DIR; };
		50BC554B2646D05F0013E53C /* AppDelegate.swift */ = {isa = PBXFileReference; lastKnownFileType = sourcecode.swift; path = AppDelegate.swift; sourceTree = "<group>"; };
		50BC554D2646D05F0013E53C /* SceneDelegate.swift */ = {isa = PBXFileReference; lastKnownFileType = sourcecode.swift; path = SceneDelegate.swift; sourceTree = "<group>"; };
		50BC554F2646D05F0013E53C /* ViewController.swift */ = {isa = PBXFileReference; lastKnownFileType = sourcecode.swift; path = ViewController.swift; sourceTree = "<group>"; };
		50BC55522646D05F0013E53C /* Base */ = {isa = PBXFileReference; lastKnownFileType = file.storyboard; name = Base; path = Base.lproj/Main.storyboard; sourceTree = "<group>"; };
		50BC55542646D05F0013E53C /* Assets.xcassets */ = {isa = PBXFileReference; lastKnownFileType = folder.assetcatalog; path = Assets.xcassets; sourceTree = "<group>"; };
		50BC55572646D05F0013E53C /* Base */ = {isa = PBXFileReference; lastKnownFileType = file.storyboard; name = Base; path = Base.lproj/LaunchScreen.storyboard; sourceTree = "<group>"; };
		50BC55592646D05F0013E53C /* Info.plist */ = {isa = PBXFileReference; lastKnownFileType = text.plist.xml; path = Info.plist; sourceTree = "<group>"; };
		50BC55602646D2120013E53C /* Page2ViewController.swift */ = {isa = PBXFileReference; lastKnownFileType = sourcecode.swift; path = Page2ViewController.swift; sourceTree = "<group>"; };
		50BC55652646D61C0013E53C /* GITA Blue Globe.jpeg */ = {isa = PBXFileReference; lastKnownFileType = image.jpeg; path = "GITA Blue Globe.jpeg"; sourceTree = "<group>"; };
/* End PBXFileReference section */

/* Begin PBXFrameworksBuildPhase section */
		50BC55452646D05F0013E53C /* Frameworks */ = {
			isa = PBXFrameworksBuildPhase;
			buildActionMask = 2147483647;
			files = (
			);
			runOnlyForDeploymentPostprocessing = 0;
		};
/* End PBXFrameworksBuildPhase section */

/* Begin PBXGroup section */
		50BC553F2646D05F0013E53C = {
			isa = PBXGroup;
			children = (
				50BC554A2646D05F0013E53C /* Final App */,
				50BC55492646D05F0013E53C /* Products */,
			);
			sourceTree = "<group>";
		};
		50BC55492646D05F0013E53C /* Products */ = {
			isa = PBXGroup;
			children = (
				50BC55482646D05F0013E53C /* Final App.app */,
			);
			name = Products;
			sourceTree = "<group>";
		};
		50BC554A2646D05F0013E53C /* Final App */ = {
			isa = PBXGroup;
			children = (
				50BC55632646D57D0013E53C /* Photos */,
				50BC554B2646D05F0013E53C /* AppDelegate.swift */,
				50BC554D2646D05F0013E53C /* SceneDelegate.swift */,
				50BC554F2646D05F0013E53C /* ViewController.swift */,
				50BC55512646D05F0013E53C /* Main.storyboard */,
				50BC55542646D05F0013E53C /* Assets.xcassets */,
				50BC55562646D05F0013E53C /* LaunchScreen.storyboard */,
				50BC55592646D05F0013E53C /* Info.plist */,
				50BC55602646D2120013E53C /* Page2ViewController.swift */,
			);
			path = "Final App";
			sourceTree = "<group>";
		};
		50BC55632646D57D0013E53C /* Photos */ = {
			isa = PBXGroup;
			children = (
				50BC55652646D61C0013E53C /* GITA Blue Globe.jpeg */,
			);
			path = Photos;
			sourceTree = "<group>";
		};
/* End PBXGroup section */

/* Begin PBXNativeTarget section */
		50BC55472646D05F0013E53C /* Final App */ = {
			isa = PBXNativeTarget;
			buildConfigurationList = 50BC555C2646D05F0013E53C /* Build configuration list for PBXNativeTarget "Final App" */;
			buildPhases = (
				50BC55442646D05F0013E53C /* Sources */,
				50BC55452646D05F0013E53C /* Frameworks */,
				50BC55462646D05F0013E53C /* Resources */,
			);
			buildRules = (
			);
			dependencies = (
			);
			name = "Final App";
			productName = "Final App";
			productReference = 50BC55482646D05F0013E53C /* Final App.app */;
			productType = "com.apple.product-type.application";
		};
/* End PBXNativeTarget section */

/* Begin PBXProject section */
		50BC55402646D05F0013E53C /* Project object */ = {
			isa = PBXProject;
			attributes = {
				LastSwiftUpdateCheck = 1240;
				LastUpgradeCheck = 1240;
				TargetAttributes = {
					50BC55472646D05F0013E53C = {
						CreatedOnToolsVersion = 12.4;
					};
				};
			};
			buildConfigurationList = 50BC55432646D05F0013E53C /* Build configuration list for PBXProject "Final App" */;
			compatibilityVersion = "Xcode 9.3";
			developmentRegion = en;
			hasScannedForEncodings = 0;
			knownRegions = (
				en,
				Base,
			);
			mainGroup = 50BC553F2646D05F0013E53C;
			productRefGroup = 50BC55492646D05F0013E53C /* Products */;
			projectDirPath = "";
			projectRoot = "";
			targets = (
				50BC55472646D05F0013E53C /* Final App */,
			);
		};
/* End PBXProject section */

/* Begin PBXResourcesBuildPhase section */
		50BC55462646D05F0013E53C /* Resources */ = {
			isa = PBXResourcesBuildPhase;
			buildActionMask = 2147483647;
			files = (
				50BC55582646D05F0013E53C /* LaunchScreen.storyboard in Resources */,
				50BC55552646D05F0013E53C /* Assets.xcassets in Resources */,
				50BC55662646D61C0013E53C /* GITA Blue Globe.jpeg in Resources */,
				50BC55532646D05F0013E53C /* Main.storyboard in Resources */,
			);
			runOnlyForDeploymentPostprocessing = 0;
		};
/* End PBXResourcesBuildPhase section */

/* Begin PBXSourcesBuildPhase section */
		50BC55442646D05F0013E53C /* Sources */ = {
			isa = PBXSourcesBuildPhase;
			buildActionMask = 2147483647;
			files = (
				50BC55502646D05F0013E53C /* ViewController.swift in Sources */,
				50BC554C2646D05F0013E53C /* AppDelegate.swift in Sources */,
				50BC55612646D2120013E53C /* Page2ViewController.swift in Sources */,
				50BC554E2646D05F0013E53C /* SceneDelegate.swift in Sources */,
			);
			runOnlyForDeploymentPostprocessing = 0;
		};
/* End PBXSourcesBuildPhase section */

/* Begin PBXVariantGroup section */
		50BC55512646D05F0013E53C /* Main.storyboard */ = {
			isa = PBXVariantGroup;
			children = (
				50BC55522646D05F0013E53C /* Base */,
			);
			name = Main.storyboard;
			sourceTree = "<group>";
		};
		50BC55562646D05F0013E53C /* LaunchScreen.storyboard */ = {
			isa = PBXVariantGroup;
			children = (
				50BC55572646D05F0013E53C /* Base */,
			);
			name = LaunchScreen.storyboard;
			sourceTree = "<group>";
		};
/* End PBXVariantGroup section */

/* Begin XCBuildConfiguration section */
		50BC555A2646D05F0013E53C /* Debug */ = {
			isa = XCBuildConfiguration;
			buildSettings = {
				ALWAYS_SEARCH_USER_PATHS = NO;
				CLANG_ANALYZER_NONNULL = YES;
				CLANG_ANALYZER_NUMBER_OBJECT_CONVERSION = YES_AGGRESSIVE;
				CLANG_CXX_LANGUAGE_STANDARD = "gnu++14";
				CLANG_CXX_LIBRARY = "libc++";
				CLANG_ENABLE_MODULES = YES;
				CLANG_ENABLE_OBJC_ARC = YES;
				CLANG_ENABLE_OBJC_WEAK = YES;
				CLANG_WARN_BLOCK_CAPTURE_AUTORELEASING = YES;
				CLANG_WARN_BOOL_CONVERSION = YES;
				CLANG_WARN_COMMA = YES;
				CLANG_WARN_CONSTANT_CONVERSION = YES;
				CLANG_WARN_DEPRECATED_OBJC_IMPLEMENTATIONS = YES;
				CLANG_WARN_DIRECT_OBJC_ISA_USAGE = YES_ERROR;
				CLANG_WARN_DOCUMENTATION_COMMENTS = YES;
				CLANG_WARN_EMPTY_BODY = YES;
				CLANG_WARN_ENUM_CONVERSION = YES;
				CLANG_WARN_INFINITE_RECURSION = YES;
				CLANG_WARN_INT_CONVERSION = YES;
				CLANG_WARN_NON_LITERAL_NULL_CONVERSION = YES;
				CLANG_WARN_OBJC_IMPLICIT_RETAIN_SELF = YES;
				CLANG_WARN_OBJC_LITERAL_CONVERSION = YES;
				CLANG_WARN_OBJC_ROOT_CLASS = YES_ERROR;
				CLANG_WARN_QUOTED_INCLUDE_IN_FRAMEWORK_HEADER = YES;
				CLANG_WARN_RANGE_LOOP_ANALYSIS = YES;
				CLANG_WARN_STRICT_PROTOTYPES = YES;
				CLANG_WARN_SUSPICIOUS_MOVE = YES;
				CLANG_WARN_UNGUARDED_AVAILABILITY = YES_AGGRESSIVE;
				CLANG_WARN_UNREACHABLE_CODE = YES;
				CLANG_WARN__DUPLICATE_METHOD_MATCH = YES;
				COPY_PHASE_STRIP = NO;
				DEBUG_INFORMATION_FORMAT = dwarf;
				ENABLE_STRICT_OBJC_MSGSEND = YES;
				ENABLE_TESTABILITY = YES;
				GCC_C_LANGUAGE_STANDARD = gnu11;
				GCC_DYNAMIC_NO_PIC = NO;
				GCC_NO_COMMON_BLOCKS = YES;
				GCC_OPTIMIZATION_LEVEL = 0;
				GCC_PREPROCESSOR_DEFINITIONS = (
					"DEBUG=1",
					"$(inherited)",
				);
				GCC_WARN_64_TO_32_BIT_CONVERSION = YES;
				GCC_WARN_ABOUT_RETURN_TYPE = YES_ERROR;
				GCC_WARN_UNDECLARED_SELECTOR = YES;
				GCC_WARN_UNINITIALIZED_AUTOS = YES_AGGRESSIVE;
				GCC_WARN_UNUSED_FUNCTION = YES;
				GCC_WARN_UNUSED_VARIABLE = YES;
				IPHONEOS_DEPLOYMENT_TARGET = 14.4;
				MTL_ENABLE_DEBUG_INFO = INCLUDE_SOURCE;
				MTL_FAST_MATH = YES;
				ONLY_ACTIVE_ARCH = YES;
				SDKROOT = iphoneos;
				SWIFT_ACTIVE_COMPILATION_CONDITIONS = DEBUG;
				SWIFT_OPTIMIZATION_LEVEL = "-Onone";
			};
			name = Debug;
		};
		50BC555B2646D05F0013E53C /* Release */ = {
			isa = XCBuildConfiguration;
			buildSettings = {
				ALWAYS_SEARCH_USER_PATHS = NO;
				CLANG_ANALYZER_NONNULL = YES;
				CLANG_ANALYZER_NUMBER_OBJECT_CONVERSION = YES_AGGRESSIVE;
				CLANG_CXX_LANGUAGE_STANDARD = "gnu++14";
				CLANG_CXX_LIBRARY = "libc++";
				CLANG_ENABLE_MODULES = YES;
				CLANG_ENABLE_OBJC_ARC = YES;
				CLANG_ENABLE_OBJC_WEAK = YES;
				CLANG_WARN_BLOCK_CAPTURE_AUTORELEASING = YES;
				CLANG_WARN_BOOL_CONVERSION = YES;
				CLANG_WARN_COMMA = YES;
				CLANG_WARN_CONSTANT_CONVERSION = YES;
				CLANG_WARN_DEPRECATED_OBJC_IMPLEMENTATIONS = YES;
				CLANG_WARN_DIRECT_OBJC_ISA_USAGE = YES_ERROR;
				CLANG_WARN_DOCUMENTATION_COMMENTS = YES;
				CLANG_WARN_EMPTY_BODY = YES;
				CLANG_WARN_ENUM_CONVERSION = YES;
				CLANG_WARN_INFINITE_RECURSION = YES;
				CLANG_WARN_INT_CONVERSION = YES;
				CLANG_WARN_NON_LITERAL_NULL_CONVERSION = YES;
				CLANG_WARN_OBJC_IMPLICIT_RETAIN_SELF = YES;
				CLANG_WARN_OBJC_LITERAL_CONVERSION = YES;
				CLANG_WARN_OBJC_ROOT_CLASS = YES_ERROR;
				CLANG_WARN_QUOTED_INCLUDE_IN_FRAMEWORK_HEADER = YES;
				CLANG_WARN_RANGE_LOOP_ANALYSIS = YES;
				CLANG_WARN_STRICT_PROTOTYPES = YES;
				CLANG_WARN_SUSPICIOUS_MOVE = YES;
				CLANG_WARN_UNGUARDED_AVAILABILITY = YES_AGGRESSIVE;
				CLANG_WARN_UNREACHABLE_CODE = YES;
				CLANG_WARN__DUPLICATE_METHOD_MATCH = YES;
				COPY_PHASE_STRIP = NO;
				DEBUG_INFORMATION_FORMAT = "dwarf-with-dsym";
				ENABLE_NS_ASSERTIONS = NO;
				ENABLE_STRICT_OBJC_MSGSEND = YES;
				GCC_C_LANGUAGE_STANDARD = gnu11;
				GCC_NO_COMMON_BLOCKS = YES;
				GCC_WARN_64_TO_32_BIT_CONVERSION = YES;
				GCC_WARN_ABOUT_RETURN_TYPE = YES_ERROR;
				GCC_WARN_UNDECLARED_SELECTOR = YES;
				GCC_WARN_UNINITIALIZED_AUTOS = YES_AGGRESSIVE;
				GCC_WARN_UNUSED_FUNCTION = YES;
				GCC_WARN_UNUSED_VARIABLE = YES;
				IPHONEOS_DEPLOYMENT_TARGET = 14.4;
				MTL_ENABLE_DEBUG_INFO = NO;
				MTL_FAST_MATH = YES;
				SDKROOT = iphoneos;
				SWIFT_COMPILATION_MODE = wholemodule;
				SWIFT_OPTIMIZATION_LEVEL = "-O";
				VALIDATE_PRODUCT = YES;
			};
			name = Release;
		};
		50BC555D2646D05F0013E53C /* Debug */ = {
			isa = XCBuildConfiguration;
			buildSettings = {
				ASSETCATALOG_COMPILER_APPICON_NAME = AppIcon;
				ASSETCATALOG_COMPILER_GLOBAL_ACCENT_COLOR_NAME = AccentColor;
				CODE_SIGN_STYLE = Automatic;
				INFOPLIST_FILE = "Final App/Info.plist";
				LD_RUNPATH_SEARCH_PATHS = (
					"$(inherited)",
					"@executable_path/Frameworks",
				);
				PRODUCT_BUNDLE_IDENTIFIER = "edu.rockvalleycollege.Final-App";
				PRODUCT_NAME = "$(TARGET_NAME)";
				SWIFT_VERSION = 5.0;
				TARGETED_DEVICE_FAMILY = "1,2";
			};
			name = Debug;
		};
		50BC555E2646D05F0013E53C /* Release */ = {
			isa = XCBuildConfiguration;
			buildSettings = {
				ASSETCATALOG_COMPILER_APPICON_NAME = AppIcon;
				ASSETCATALOG_COMPILER_GLOBAL_ACCENT_COLOR_NAME = AccentColor;
				CODE_SIGN_STYLE = Automatic;
				INFOPLIST_FILE = "Final App/Info.plist";
				LD_RUNPATH_SEARCH_PATHS = (
					"$(inherited)",
					"@executable_path/Frameworks",
				);
				PRODUCT_BUNDLE_IDENTIFIER = "edu.rockvalleycollege.Final-App";
				PRODUCT_NAME = "$(TARGET_NAME)";
				SWIFT_VERSION = 5.0;
				TARGETED_DEVICE_FAMILY = "1,2";
			};
			name = Release;
		};
/* End XCBuildConfiguration section */

/* Begin XCConfigurationList section */
		50BC55432646D05F0013E53C /* Build configuration list for PBXProject "Final App" */ = {
			isa = XCConfigurationList;
			buildConfigurations = (
				50BC555A2646D05F0013E53C /* Debug */,
				50BC555B2646D05F0013E53C /* Release */,
			);
			defaultConfigurationIsVisible = 0;
			defaultConfigurationName = Release;
		};
		50BC555C2646D05F0013E53C /* Build configuration list for PBXNativeTarget "Final App" */ = {
			isa = XCConfigurationList;
			buildConfigurations = (
				50BC555D2646D05F0013E53C /* Debug */,
				50BC555E2646D05F0013E53C /* Release */,
			);
			defaultConfigurationIsVisible = 0;
			defaultConfigurationName = Release;
		};
/* End XCConfigurationList section */
	};
	rootObject = 50BC55402646D05F0013E53C /* Project object */;
}
